{
  "name": "my-mail-worker",
  "version": "1.0.0",
  "lockfileVersion": 3,
  "requires": true,
  "packages": {
    "": {
      "name": "my-mail-worker",
      "version": "1.0.0",
      "license": "ISC",
      "dependencies": {
        "postal-mime": "^2.6.1"
      }
    },
    "node_modules/postal-mime": {
      "version": "2.6.1",
      "resolved": "https://registry.npmjs.org/postal-mime/-/postal-mime-2.6.1.tgz",
      "integrity": "sha512-YnNYvLTsWzk1Mpf1drc7XZPR1c2XInI94H5RY/hZ9vzTSYjLw9zuebdi/K0yfR3PVnedQZUn2umTyxfw9yOWBA=="
    }
  }
}
